
Microsoft Visual Studio Solution File, Format Version 12.00
Project("{FAE04EC0-301F-11D3-BF4B-00C04F79EFBC}") = "PipelineFactoryNet", "PipelineFactoryNet\PipelineFactoryNet.csproj", "{3C727A59-314E-4CF5-89A7-BD2B1442A42B}"
EndProject
Project("{FAE04EC0-301F-11D3-BF4B-00C04F79EFBC}") = "PipelineFactoryNet.Tests", "PipelineFactoryNet.Tests\PipelineFactoryNet.Tests.csproj", "{DBB2F038-DB8C-4ADA-96D2-6DAAF008EE99}"
EndProject
Project("{2150E333-8FDC-42A3-9474-1A3956D46DE8}") = "src", "src", "{6BFBF750-3F7C-4091-B232-15B7DD00E253}"
EndProject
Project("{2150E333-8FDC-42A3-9474-1A3956D46DE8}") = "test", "test", "{A2856D33-1336-4A10-83E9-25FEDFAD4495}"
EndProject
Project("{2150E333-8FDC-42A3-9474-1A3956D46DE8}") = "samples", "samples", "{9668B9F8-1C28-476A-85B4-9F25DBB8E86A}"
EndProject
Global
	GlobalSection(SolutionConfigurationPlatforms) = preSolution
		Debug|Any CPU = Debug|Any CPU
		Release|Any CPU = Release|Any CPU
	EndGlobalSection
	GlobalSection(ProjectConfigurationPlatforms) = postSolution
		{3C727A59-314E-4CF5-89A7-BD2B1442A42B}.Debug|Any CPU.ActiveCfg = Debug|Any CPU
		{3C727A59-314E-4CF5-89A7-BD2B1442A42B}.Debug|Any CPU.Build.0 = Debug|Any CPU
		{3C727A59-314E-4CF5-89A7-BD2B1442A42B}.Release|Any CPU.ActiveCfg = Release|Any CPU
		{3C727A59-314E-4CF5-89A7-BD2B1442A42B}.Release|Any CPU.Build.0 = Release|Any CPU
		{DBB2F038-DB8C-4ADA-96D2-6DAAF008EE99}.Debug|Any CPU.ActiveCfg = Debug|Any CPU
		{DBB2F038-DB8C-4ADA-96D2-6DAAF008EE99}.Debug|Any CPU.Build.0 = Debug|Any CPU
		{DBB2F038-DB8C-4ADA-96D2-6DAAF008EE99}.Release|Any CPU.ActiveCfg = Release|Any CPU
		{DBB2F038-DB8C-4ADA-96D2-6DAAF008EE99}.Release|Any CPU.Build.0 = Release|Any CPU
	EndGlobalSection
	GlobalSection(NestedProjects) = preSolution
		{3C727A59-314E-4CF5-89A7-BD2B1442A42B} = {6BFBF750-3F7C-4091-B232-15B7DD00E253}
		{DBB2F038-DB8C-4ADA-96D2-6DAAF008EE99} = {A2856D33-1336-4A10-83E9-25FEDFAD4495}
	EndGlobalSection
EndGlobal
