
Microsoft Visual Studio Solution File, Format Version 12.00
Project("{FAE04EC0-301F-11D3-BF4B-00C04F79EFBC}") = "PipelineFactoryNet", "PipelineFactoryNet\PipelineFactoryNet.csproj", "{5AB1D653-EBBF-4034-B616-C3B732D82482}"
EndProject
Project("{FAE04EC0-301F-11D3-BF4B-00C04F79EFBC}") = "PipelineFactoryNet.Tests", "PipelineFactoryNet.Tests\PipelineFactoryNet.Tests.csproj", "{B254ADAF-4B84-4C21-8E83-F360D9CF4719}"
EndProject
Global
	GlobalSection(SolutionConfigurationPlatforms) = preSolution
		Debug|Any CPU = Debug|Any CPU
		Release|Any CPU = Release|Any CPU
	EndGlobalSection
	GlobalSection(ProjectConfigurationPlatforms) = postSolution
		{5AB1D653-EBBF-4034-B616-C3B732D82482}.Debug|Any CPU.ActiveCfg = Debug|Any CPU
		{5AB1D653-EBBF-4034-B616-C3B732D82482}.Debug|Any CPU.Build.0 = Debug|Any CPU
		{5AB1D653-EBBF-4034-B616-C3B732D82482}.Release|Any CPU.ActiveCfg = Release|Any CPU
		{5AB1D653-EBBF-4034-B616-C3B732D82482}.Release|Any CPU.Build.0 = Release|Any CPU
		{B254ADAF-4B84-4C21-8E83-F360D9CF4719}.Debug|Any CPU.ActiveCfg = Debug|Any CPU
		{B254ADAF-4B84-4C21-8E83-F360D9CF4719}.Debug|Any CPU.Build.0 = Debug|Any CPU
		{B254ADAF-4B84-4C21-8E83-F360D9CF4719}.Release|Any CPU.ActiveCfg = Release|Any CPU
		{B254ADAF-4B84-4C21-8E83-F360D9CF4719}.Release|Any CPU.Build.0 = Release|Any CPU
	EndGlobalSection
	GlobalSection(NestedProjects) = preSolution
	EndGlobalSection
EndGlobal
